
Microsoft Visual Studio Solution File, Format Version 12.00
# Visual Studio Version 17
VisualStudioVersion = 17.6.33712.159
MinimumVisualStudioVersion = 10.0.40219.1
Project("{FAE04EC0-301F-11D3-BF4B-00C04F79EFBC}") = "Interface Challenge", "Interface Challenge\Interface Challenge.csproj", "{C2010026-5283-4368-B715-0784E5762089}"
EndProject
Global
	GlobalSection(SolutionConfigurationPlatforms) = preSolution
		Debug|Any CPU = Debug|Any CPU
		Release|Any CPU = Release|Any CPU
	EndGlobalSection
	GlobalSection(ProjectConfigurationPlatforms) = postSolution
		{C2010026-5283-4368-B715-0784E5762089}.Debug|Any CPU.ActiveCfg = Debug|Any CPU
		{C2010026-5283-4368-B715-0784E5762089}.Debug|Any CPU.Build.0 = Debug|Any CPU
		{C2010026-5283-4368-B715-0784E5762089}.Release|Any CPU.ActiveCfg = Release|Any CPU
		{C2010026-5283-4368-B715-0784E5762089}.Release|Any CPU.Build.0 = Release|Any CPU
	EndGlobalSection
	GlobalSection(SolutionProperties) = preSolution
		HideSolutionNode = FALSE
	EndGlobalSection
	GlobalSection(ExtensibilityGlobals) = postSolution
		SolutionGuid = {6CC1D02D-1CBC-4669-9D14-D2D4D30539CA}
	EndGlobalSection
EndGlobal
